
Microsoft Visual Studio Solution File, Format Version 12.00
# Visual Studio 15
VisualStudioVersion = 15.0.28010.2016
MinimumVisualStudioVersion = 10.0.40219.1
Project("{FAE04EC0-301F-11D3-BF4B-00C04F79EFBC}") = "tp8", "tp8\tp8.csproj", "{8FCC4508-828B-4318-94F4-99D7E2952D77}"
EndProject
Global
	GlobalSection(SolutionConfigurationPlatforms) = preSolution
		Debug|Any CPU = Debug|Any CPU
		Release|Any CPU = Release|Any CPU
	EndGlobalSection
	GlobalSection(ProjectConfigurationPlatforms) = postSolution
		{8FCC4508-828B-4318-94F4-99D7E2952D77}.Debug|Any CPU.ActiveCfg = Debug|Any CPU
		{8FCC4508-828B-4318-94F4-99D7E2952D77}.Debug|Any CPU.Build.0 = Debug|Any CPU
		{8FCC4508-828B-4318-94F4-99D7E2952D77}.Release|Any CPU.ActiveCfg = Release|Any CPU
		{8FCC4508-828B-4318-94F4-99D7E2952D77}.Release|Any CPU.Build.0 = Release|Any CPU
	EndGlobalSection
	GlobalSection(SolutionProperties) = preSolution
		HideSolutionNode = FALSE
	EndGlobalSection
	GlobalSection(ExtensibilityGlobals) = postSolution
		SolutionGuid = {7A50FB5B-FA37-44E1-908F-CB3B86044841}
	EndGlobalSection
EndGlobal
